
Microsoft Visual Studio Solution File, Format Version 12.00
# Visual Studio Version 17
VisualStudioVersion = 17.2.32616.157
MinimumVisualStudioVersion = 10.0.40219.1
Project("{FAE04EC0-301F-11D3-BF4B-00C04F79EFBC}") = "SopHiaSqlProject", "SopHiaSqlProject\SopHiaSqlProject.csproj", "{18843809-885B-45AD-87A9-A9B9106C334C}"
EndProject
Global
	GlobalSection(SolutionConfigurationPlatforms) = preSolution
		Debug|Any CPU = Debug|Any CPU
		Release|Any CPU = Release|Any CPU
	EndGlobalSection
	GlobalSection(ProjectConfigurationPlatforms) = postSolution
		{18843809-885B-45AD-87A9-A9B9106C334C}.Debug|Any CPU.ActiveCfg = Debug|Any CPU
		{18843809-885B-45AD-87A9-A9B9106C334C}.Debug|Any CPU.Build.0 = Debug|Any CPU
		{18843809-885B-45AD-87A9-A9B9106C334C}.Release|Any CPU.ActiveCfg = Release|Any CPU
		{18843809-885B-45AD-87A9-A9B9106C334C}.Release|Any CPU.Build.0 = Release|Any CPU
	EndGlobalSection
	GlobalSection(SolutionProperties) = preSolution
		HideSolutionNode = FALSE
	EndGlobalSection
	GlobalSection(ExtensibilityGlobals) = postSolution
		SolutionGuid = {99D9BE4E-B2EC-4805-865F-C5F67C66DBE2}
	EndGlobalSection
EndGlobal
